# This file was autogenerated by Stack.
# You should not edit this file by hand.
# For more information, please see the documentation at:
#   https://docs.haskellstack.org/en/stable/lock_files

packages:
- completed:
    commit: 1fc03e4459e55afb7a064f95484dae024953faee
    git: https://github.com/dustin/pushover-hs.git
    name: pushover-hs
    pantry-tree:
      sha256: e4b768f60a0c7788608f093f661a1f22422a6656c80d4c46bd552bcc9665c9da
      size: 469
    version: 0.1.0.0
  original:
    commit: 1fc03e4459e55afb7a064f95484dae024953faee
    git: https://github.com/dustin/pushover-hs.git
- completed:
    hackage: pagerduty-hs-0.3.0.0@sha256:e9f53b2c2b8d2ebd7434bc57997452feac3150d9c6b1a384c5907952b6957232,1729
    pantry-tree:
      sha256: bcfb7d63c0dc15f4fb0313e298cd5ee413a4406cea743254a1a436d4175f7163
      size: 466
  original:
    hackage: pagerduty-hs-0.3.0.0@sha256:e9f53b2c2b8d2ebd7434bc57997452feac3150d9c6b1a384c5907952b6957232
snapshots:
- completed:
    sha256: bc144ddf301a5c99f2cf51c7de50279ba144fd4486cb3c66f87ed761d6bbf6e9
    size: 719131
    url: https://raw.githubusercontent.com/commercialhaskell/stackage-snapshots/master/lts/22/27.yaml
  original: lts-22.27
