# This file was autogenerated by Stack.
# You should not edit this file by hand.
# For more information, please see the documentation at:
#   https://docs.haskellstack.org/en/stable/lock_files

packages:
- completed:
    name: pushover-hs
    version: 0.1.0.0
    git: https://github.com/dustin/pushover-hs.git
    pantry-tree:
      size: 469
      sha256: e4b768f60a0c7788608f093f661a1f22422a6656c80d4c46bd552bcc9665c9da
    commit: 1fc03e4459e55afb7a064f95484dae024953faee
  original:
    git: https://github.com/dustin/pushover-hs.git
    commit: 1fc03e4459e55afb7a064f95484dae024953faee
- completed:
    hackage: net-mqtt-0.8.0.0@sha256:8e7399d782ecd2edc9e58534f58e881a621ebd64fa10f28c3791b5f170df2385,4146
    pantry-tree:
      size: 701
      sha256: 102df8b02019b5b776788d5f518c4fefcd504daf163832ef530dc0c69505c622
  original:
    hackage: net-mqtt-0.8.0.0@sha256:8e7399d782ecd2edc9e58534f58e881a621ebd64fa10f28c3791b5f170df2385,4146
snapshots:
- completed:
    size: 585393
    url: https://raw.githubusercontent.com/commercialhaskell/stackage-snapshots/master/lts/18/0.yaml
    sha256: c632012da648385b9fa3c29f4e0afd56ead299f1c5528ee789058be410e883c0
  original: lts-18.0
